
Microsoft Visual Studio Solution File, Format Version 12.00
# Visual Studio Version 17
VisualStudioVersion = 17.11.35303.130
MinimumVisualStudioVersion = 10.0.40219.1
Project("{9A19103F-16F7-4668-BE54-9A1E7A4F7556}") = "AppModule", "AppModule\AppModule.csproj", "{4D804310-E03F-473B-8270-9712CD52866D}"
	ProjectSection(ProjectDependencies) = postProject
		{BA19AF24-39D6-4A13-9F06-54C3C1EBE650} = {BA19AF24-39D6-4A13-9F06-54C3C1EBE650}
	EndProjectSection
EndProject
Project("{9A19103F-16F7-4668-BE54-9A1E7A4F7556}") = "DatabaseModule", "DatabaseModule\DatabaseModule.csproj", "{BA19AF24-39D6-4A13-9F06-54C3C1EBE650}"
EndProject
Project("{FAE04EC0-301F-11D3-BF4B-00C04F79EFBC}") = "AppTests", "AppTests\AppTests.csproj", "{142A78F7-2579-4439-ABEC-7EF5BDB73389}"
	ProjectSection(ProjectDependencies) = postProject
		{BA19AF24-39D6-4A13-9F06-54C3C1EBE650} = {BA19AF24-39D6-4A13-9F06-54C3C1EBE650}
	EndProjectSection
EndProject
Global
	GlobalSection(SolutionConfigurationPlatforms) = preSolution
		Debug|Any CPU = Debug|Any CPU
		Release|Any CPU = Release|Any CPU
	EndGlobalSection
	GlobalSection(ProjectConfigurationPlatforms) = postSolution
		{4D804310-E03F-473B-8270-9712CD52866D}.Debug|Any CPU.ActiveCfg = Debug|Any CPU
		{4D804310-E03F-473B-8270-9712CD52866D}.Debug|Any CPU.Build.0 = Debug|Any CPU
		{4D804310-E03F-473B-8270-9712CD52866D}.Release|Any CPU.ActiveCfg = Release|Any CPU
		{4D804310-E03F-473B-8270-9712CD52866D}.Release|Any CPU.Build.0 = Release|Any CPU
		{BA19AF24-39D6-4A13-9F06-54C3C1EBE650}.Debug|Any CPU.ActiveCfg = Debug|Any CPU
		{BA19AF24-39D6-4A13-9F06-54C3C1EBE650}.Debug|Any CPU.Build.0 = Debug|Any CPU
		{BA19AF24-39D6-4A13-9F06-54C3C1EBE650}.Release|Any CPU.ActiveCfg = Release|Any CPU
		{BA19AF24-39D6-4A13-9F06-54C3C1EBE650}.Release|Any CPU.Build.0 = Release|Any CPU
		{142A78F7-2579-4439-ABEC-7EF5BDB73389}.Debug|Any CPU.ActiveCfg = Debug|Any CPU
		{142A78F7-2579-4439-ABEC-7EF5BDB73389}.Debug|Any CPU.Build.0 = Debug|Any CPU
		{142A78F7-2579-4439-ABEC-7EF5BDB73389}.Release|Any CPU.ActiveCfg = Release|Any CPU
		{142A78F7-2579-4439-ABEC-7EF5BDB73389}.Release|Any CPU.Build.0 = Release|Any CPU
	EndGlobalSection
	GlobalSection(SolutionProperties) = preSolution
		HideSolutionNode = FALSE
	EndGlobalSection
	GlobalSection(ExtensibilityGlobals) = postSolution
		SolutionGuid = {B5BFC13C-8A1D-4F4D-8AFF-832F65925FA9}
	EndGlobalSection
EndGlobal
